
Microsoft Visual Studio Solution File, Format Version 12.00
Project("{FAE04EC0-301F-11D3-BF4B-00C04F79EFBC}") = "ExchangeRatesSource.PresentationLayer", "ExchangeRatesSource.PresentationLayer\ExchangeRatesSource.PresentationLayer.csproj", "{D00D23D7-976B-41A4-8AFA-C0E21D6FA5C7}"
EndProject
Project("{2150E333-8FDC-42A3-9474-1A3956D46DE8}") = "ExchangeRatesSource", "ExchangeRatesSource", "{01FAC2D8-F263-493C-B860-CCB70E114A35}"
EndProject
Project("{2150E333-8FDC-42A3-9474-1A3956D46DE8}") = "src", "src", "{297A8483-5159-430E-B9BE-3B150B9B2391}"
EndProject
Project("{2150E333-8FDC-42A3-9474-1A3956D46DE8}") = "tests", "tests", "{CB64C008-8C7F-4E7C-B776-358C7C4BDB99}"
EndProject
Project("{FAE04EC0-301F-11D3-BF4B-00C04F79EFBC}") = "ExchangeRatesSource.DomainLayer", "ExchangeRatesSource.DomainLayer\ExchangeRatesSource.DomainLayer.csproj", "{7ED8F6E9-2DCC-43F5-BE5B-999300F9522B}"
EndProject
Project("{FAE04EC0-301F-11D3-BF4B-00C04F79EFBC}") = "ExchangeRatesSource.ApplicationLayer", "ExchangeRatesSource.ApplicationLayer\ExchangeRatesSource.ApplicationLayer.csproj", "{C10C7CBF-047F-4034-8930-4D992B2A3FE2}"
EndProject
Project("{FAE04EC0-301F-11D3-BF4B-00C04F79EFBC}") = "ExchangeRatesSource.InfrastructureLayer", "ExchangeRatesSource.InfrastructureLayer\ExchangeRatesSource.InfrastructureLayer.csproj", "{93FD7039-F9B4-4700-9140-AB88507ED7A2}"
EndProject
Project("{2150E333-8FDC-42A3-9474-1A3956D46DE8}") = "Migrator", "Migrator", "{B5398A8D-910E-491C-B791-B2F7D6B65C49}"
EndProject
Project("{FAE04EC0-301F-11D3-BF4B-00C04F79EFBC}") = "Migrator", "Migrator\Migrator.csproj", "{7480BA16-757A-4184-83B7-2A0BA291A8D2}"
EndProject
Project("{2150E333-8FDC-42A3-9474-1A3956D46DE8}") = "WebApi", "WebApi", "{F7F3DD82-BD23-4E13-A0EA-1E9DBD06BB2B}"
EndProject
Project("{FAE04EC0-301F-11D3-BF4B-00C04F79EFBC}") = "WebApi.ApplicationLayer", "WebApi.ApplicationLayer\WebApi.ApplicationLayer.csproj", "{4560DF34-5FD4-42A0-8F05-02C8DD748851}"
EndProject
Project("{FAE04EC0-301F-11D3-BF4B-00C04F79EFBC}") = "WebApi.DomainLayer", "WebApi.DomainLayer\WebApi.DomainLayer.csproj", "{3FED3FAA-C4FB-4221-A679-01C032E437DB}"
EndProject
Project("{FAE04EC0-301F-11D3-BF4B-00C04F79EFBC}") = "WebApi.InfrastructureLayer", "WebApi.InfrastructureLayer\WebApi.InfrastructureLayer.csproj", "{BDBEF688-7792-43B4-93A3-EF61301BC3B0}"
EndProject
Project("{FAE04EC0-301F-11D3-BF4B-00C04F79EFBC}") = "WebApi.PresentationLayer", "WebApi.PresentationLayer\WebApi.PresentationLayer.csproj", "{C17C7765-DC61-489D-B4B9-88FE8A2769C7}"
EndProject
Project("{FAE04EC0-301F-11D3-BF4B-00C04F79EFBC}") = "ExchangeRatesSource.InfrastructureLayer.Tests", "ExchangeRatesSource.InfrastructureLayer.Tests\ExchangeRatesSource.InfrastructureLayer.Tests.csproj", "{7B404BD2-83E0-4E28-9E02-1212687DD314}"
EndProject
Project("{FAE04EC0-301F-11D3-BF4B-00C04F79EFBC}") = "ExchangeRatesSource.DomainLayer.Tests", "ExchangeRatesSource.DomainLayer.Tests\ExchangeRatesSource.DomainLayer.Tests.csproj", "{766275B4-3389-4255-8FB3-0FB673C0D35E}"
EndProject
Project("{2150E333-8FDC-42A3-9474-1A3956D46DE8}") = "ExchangeRatesSource.Nbp", "ExchangeRatesSource.Nbp", "{E36AF8B4-E830-4C16-971C-AEBD86929A0F}"
EndProject
Project("{2150E333-8FDC-42A3-9474-1A3956D46DE8}") = "src", "src", "{D6B52348-3608-4747-A1A0-7B51416E5654}"
EndProject
Project("{FAE04EC0-301F-11D3-BF4B-00C04F79EFBC}") = "ExchangeRatesSource.Nbp.DomainLayer", "ExchangeRatesSource.Nbp.DomainLayer\ExchangeRatesSource.Nbp.DomainLayer.csproj", "{B7F3885C-07C1-4603-9A5F-FF160BC1CD8D}"
EndProject
Project("{FAE04EC0-301F-11D3-BF4B-00C04F79EFBC}") = "ExchangeRatesSource.Nbp.InfrastructureLayer", "ExchangeRatesSource.Nbp.InfrastructureLayer\ExchangeRatesSource.Nbp.InfrastructureLayer.csproj", "{0DFFC56A-93F5-4024-9D50-7E8CDFCD0BAF}"
EndProject
Project("{2150E333-8FDC-42A3-9474-1A3956D46DE8}") = "src", "src", "{71856AEF-D303-4F7C-BC66-5B5B2E612095}"
EndProject
Project("{2150E333-8FDC-42A3-9474-1A3956D46DE8}") = "src", "src", "{909DD09A-640D-4A24-8560-B2079AEEEF87}"
EndProject
Project("{2150E333-8FDC-42A3-9474-1A3956D46DE8}") = "tests", "tests", "{C3C92DF1-0A0B-4FD8-BD09-7F4B6370F0F1}"
EndProject
Project("{FAE04EC0-301F-11D3-BF4B-00C04F79EFBC}") = "ExchangeRatesSource.Nbp.InfrastructureLayer.Tests", "ExchangeRatesSource.Nbp.InfrastructureLayer.Tests\ExchangeRatesSource.Nbp.InfrastructureLayer.Tests.csproj", "{EDE2EB48-5EF3-43FE-89C4-4FB9231591B5}"
EndProject
Project("{FAE04EC0-301F-11D3-BF4B-00C04F79EFBC}") = "ExchangeRatesSource.IntegrationTests", "ExchangeRatesSource.IntegrationTests\ExchangeRatesSource.IntegrationTests.csproj", "{F69875C7-D823-41FC-B59F-46857E399B92}"
EndProject
Global
	GlobalSection(SolutionConfigurationPlatforms) = preSolution
		Debug|Any CPU = Debug|Any CPU
		Release|Any CPU = Release|Any CPU
	EndGlobalSection
	GlobalSection(ProjectConfigurationPlatforms) = postSolution
		{D00D23D7-976B-41A4-8AFA-C0E21D6FA5C7}.Debug|Any CPU.ActiveCfg = Debug|Any CPU
		{D00D23D7-976B-41A4-8AFA-C0E21D6FA5C7}.Debug|Any CPU.Build.0 = Debug|Any CPU
		{D00D23D7-976B-41A4-8AFA-C0E21D6FA5C7}.Release|Any CPU.ActiveCfg = Release|Any CPU
		{D00D23D7-976B-41A4-8AFA-C0E21D6FA5C7}.Release|Any CPU.Build.0 = Release|Any CPU
		{7ED8F6E9-2DCC-43F5-BE5B-999300F9522B}.Debug|Any CPU.ActiveCfg = Debug|Any CPU
		{7ED8F6E9-2DCC-43F5-BE5B-999300F9522B}.Debug|Any CPU.Build.0 = Debug|Any CPU
		{7ED8F6E9-2DCC-43F5-BE5B-999300F9522B}.Release|Any CPU.ActiveCfg = Release|Any CPU
		{7ED8F6E9-2DCC-43F5-BE5B-999300F9522B}.Release|Any CPU.Build.0 = Release|Any CPU
		{C10C7CBF-047F-4034-8930-4D992B2A3FE2}.Debug|Any CPU.ActiveCfg = Debug|Any CPU
		{C10C7CBF-047F-4034-8930-4D992B2A3FE2}.Debug|Any CPU.Build.0 = Debug|Any CPU
		{C10C7CBF-047F-4034-8930-4D992B2A3FE2}.Release|Any CPU.ActiveCfg = Release|Any CPU
		{C10C7CBF-047F-4034-8930-4D992B2A3FE2}.Release|Any CPU.Build.0 = Release|Any CPU
		{93FD7039-F9B4-4700-9140-AB88507ED7A2}.Debug|Any CPU.ActiveCfg = Debug|Any CPU
		{93FD7039-F9B4-4700-9140-AB88507ED7A2}.Debug|Any CPU.Build.0 = Debug|Any CPU
		{93FD7039-F9B4-4700-9140-AB88507ED7A2}.Release|Any CPU.ActiveCfg = Release|Any CPU
		{93FD7039-F9B4-4700-9140-AB88507ED7A2}.Release|Any CPU.Build.0 = Release|Any CPU
		{7480BA16-757A-4184-83B7-2A0BA291A8D2}.Debug|Any CPU.ActiveCfg = Debug|Any CPU
		{7480BA16-757A-4184-83B7-2A0BA291A8D2}.Debug|Any CPU.Build.0 = Debug|Any CPU
		{7480BA16-757A-4184-83B7-2A0BA291A8D2}.Release|Any CPU.ActiveCfg = Release|Any CPU
		{7480BA16-757A-4184-83B7-2A0BA291A8D2}.Release|Any CPU.Build.0 = Release|Any CPU
		{4560DF34-5FD4-42A0-8F05-02C8DD748851}.Debug|Any CPU.ActiveCfg = Debug|Any CPU
		{4560DF34-5FD4-42A0-8F05-02C8DD748851}.Debug|Any CPU.Build.0 = Debug|Any CPU
		{4560DF34-5FD4-42A0-8F05-02C8DD748851}.Release|Any CPU.ActiveCfg = Release|Any CPU
		{4560DF34-5FD4-42A0-8F05-02C8DD748851}.Release|Any CPU.Build.0 = Release|Any CPU
		{3FED3FAA-C4FB-4221-A679-01C032E437DB}.Debug|Any CPU.ActiveCfg = Debug|Any CPU
		{3FED3FAA-C4FB-4221-A679-01C032E437DB}.Debug|Any CPU.Build.0 = Debug|Any CPU
		{3FED3FAA-C4FB-4221-A679-01C032E437DB}.Release|Any CPU.ActiveCfg = Release|Any CPU
		{3FED3FAA-C4FB-4221-A679-01C032E437DB}.Release|Any CPU.Build.0 = Release|Any CPU
		{BDBEF688-7792-43B4-93A3-EF61301BC3B0}.Debug|Any CPU.ActiveCfg = Debug|Any CPU
		{BDBEF688-7792-43B4-93A3-EF61301BC3B0}.Debug|Any CPU.Build.0 = Debug|Any CPU
		{BDBEF688-7792-43B4-93A3-EF61301BC3B0}.Release|Any CPU.ActiveCfg = Release|Any CPU
		{BDBEF688-7792-43B4-93A3-EF61301BC3B0}.Release|Any CPU.Build.0 = Release|Any CPU
		{C17C7765-DC61-489D-B4B9-88FE8A2769C7}.Debug|Any CPU.ActiveCfg = Debug|Any CPU
		{C17C7765-DC61-489D-B4B9-88FE8A2769C7}.Debug|Any CPU.Build.0 = Debug|Any CPU
		{C17C7765-DC61-489D-B4B9-88FE8A2769C7}.Release|Any CPU.ActiveCfg = Release|Any CPU
		{C17C7765-DC61-489D-B4B9-88FE8A2769C7}.Release|Any CPU.Build.0 = Release|Any CPU
		{7B404BD2-83E0-4E28-9E02-1212687DD314}.Debug|Any CPU.ActiveCfg = Debug|Any CPU
		{7B404BD2-83E0-4E28-9E02-1212687DD314}.Debug|Any CPU.Build.0 = Debug|Any CPU
		{7B404BD2-83E0-4E28-9E02-1212687DD314}.Release|Any CPU.ActiveCfg = Release|Any CPU
		{7B404BD2-83E0-4E28-9E02-1212687DD314}.Release|Any CPU.Build.0 = Release|Any CPU
		{766275B4-3389-4255-8FB3-0FB673C0D35E}.Debug|Any CPU.ActiveCfg = Debug|Any CPU
		{766275B4-3389-4255-8FB3-0FB673C0D35E}.Debug|Any CPU.Build.0 = Debug|Any CPU
		{766275B4-3389-4255-8FB3-0FB673C0D35E}.Release|Any CPU.ActiveCfg = Release|Any CPU
		{766275B4-3389-4255-8FB3-0FB673C0D35E}.Release|Any CPU.Build.0 = Release|Any CPU
		{B7F3885C-07C1-4603-9A5F-FF160BC1CD8D}.Debug|Any CPU.ActiveCfg = Debug|Any CPU
		{B7F3885C-07C1-4603-9A5F-FF160BC1CD8D}.Debug|Any CPU.Build.0 = Debug|Any CPU
		{B7F3885C-07C1-4603-9A5F-FF160BC1CD8D}.Release|Any CPU.ActiveCfg = Release|Any CPU
		{B7F3885C-07C1-4603-9A5F-FF160BC1CD8D}.Release|Any CPU.Build.0 = Release|Any CPU
		{0DFFC56A-93F5-4024-9D50-7E8CDFCD0BAF}.Debug|Any CPU.ActiveCfg = Debug|Any CPU
		{0DFFC56A-93F5-4024-9D50-7E8CDFCD0BAF}.Debug|Any CPU.Build.0 = Debug|Any CPU
		{0DFFC56A-93F5-4024-9D50-7E8CDFCD0BAF}.Release|Any CPU.ActiveCfg = Release|Any CPU
		{0DFFC56A-93F5-4024-9D50-7E8CDFCD0BAF}.Release|Any CPU.Build.0 = Release|Any CPU
		{EDE2EB48-5EF3-43FE-89C4-4FB9231591B5}.Debug|Any CPU.ActiveCfg = Debug|Any CPU
		{EDE2EB48-5EF3-43FE-89C4-4FB9231591B5}.Debug|Any CPU.Build.0 = Debug|Any CPU
		{EDE2EB48-5EF3-43FE-89C4-4FB9231591B5}.Release|Any CPU.ActiveCfg = Release|Any CPU
		{EDE2EB48-5EF3-43FE-89C4-4FB9231591B5}.Release|Any CPU.Build.0 = Release|Any CPU
		{F69875C7-D823-41FC-B59F-46857E399B92}.Debug|Any CPU.ActiveCfg = Debug|Any CPU
		{F69875C7-D823-41FC-B59F-46857E399B92}.Debug|Any CPU.Build.0 = Debug|Any CPU
		{F69875C7-D823-41FC-B59F-46857E399B92}.Release|Any CPU.ActiveCfg = Release|Any CPU
		{F69875C7-D823-41FC-B59F-46857E399B92}.Release|Any CPU.Build.0 = Release|Any CPU
	EndGlobalSection
	GlobalSection(NestedProjects) = preSolution
		{297A8483-5159-430E-B9BE-3B150B9B2391} = {01FAC2D8-F263-493C-B860-CCB70E114A35}
		{CB64C008-8C7F-4E7C-B776-358C7C4BDB99} = {01FAC2D8-F263-493C-B860-CCB70E114A35}
		{D00D23D7-976B-41A4-8AFA-C0E21D6FA5C7} = {297A8483-5159-430E-B9BE-3B150B9B2391}
		{7ED8F6E9-2DCC-43F5-BE5B-999300F9522B} = {297A8483-5159-430E-B9BE-3B150B9B2391}
		{C10C7CBF-047F-4034-8930-4D992B2A3FE2} = {297A8483-5159-430E-B9BE-3B150B9B2391}
		{93FD7039-F9B4-4700-9140-AB88507ED7A2} = {297A8483-5159-430E-B9BE-3B150B9B2391}
		{7B404BD2-83E0-4E28-9E02-1212687DD314} = {CB64C008-8C7F-4E7C-B776-358C7C4BDB99}
		{766275B4-3389-4255-8FB3-0FB673C0D35E} = {CB64C008-8C7F-4E7C-B776-358C7C4BDB99}
		{D6B52348-3608-4747-A1A0-7B51416E5654} = {E36AF8B4-E830-4C16-971C-AEBD86929A0F}
		{B7F3885C-07C1-4603-9A5F-FF160BC1CD8D} = {D6B52348-3608-4747-A1A0-7B51416E5654}
		{0DFFC56A-93F5-4024-9D50-7E8CDFCD0BAF} = {D6B52348-3608-4747-A1A0-7B51416E5654}
		{71856AEF-D303-4F7C-BC66-5B5B2E612095} = {F7F3DD82-BD23-4E13-A0EA-1E9DBD06BB2B}
		{4560DF34-5FD4-42A0-8F05-02C8DD748851} = {71856AEF-D303-4F7C-BC66-5B5B2E612095}
		{3FED3FAA-C4FB-4221-A679-01C032E437DB} = {71856AEF-D303-4F7C-BC66-5B5B2E612095}
		{BDBEF688-7792-43B4-93A3-EF61301BC3B0} = {71856AEF-D303-4F7C-BC66-5B5B2E612095}
		{C17C7765-DC61-489D-B4B9-88FE8A2769C7} = {71856AEF-D303-4F7C-BC66-5B5B2E612095}
		{909DD09A-640D-4A24-8560-B2079AEEEF87} = {B5398A8D-910E-491C-B791-B2F7D6B65C49}
		{7480BA16-757A-4184-83B7-2A0BA291A8D2} = {909DD09A-640D-4A24-8560-B2079AEEEF87}
		{C3C92DF1-0A0B-4FD8-BD09-7F4B6370F0F1} = {E36AF8B4-E830-4C16-971C-AEBD86929A0F}
		{EDE2EB48-5EF3-43FE-89C4-4FB9231591B5} = {C3C92DF1-0A0B-4FD8-BD09-7F4B6370F0F1}
		{F69875C7-D823-41FC-B59F-46857E399B92} = {CB64C008-8C7F-4E7C-B776-358C7C4BDB99}
	EndGlobalSection
EndGlobal
